// !$*UTF8*$!
{
	archiveVersion = 1;
	classes = {
	};
	objectVersion = 56;
	objects = {

/* Begin PBXBuildFile section */
		8231F1772A0C7EE100635965 /* RethinkTakeHomeApp.swift in Sources */ = {isa = PBXBuildFile; fileRef = 8231F1762A0C7EE100635965 /* RethinkTakeHomeApp.swift */; };
		8231F1792A0C7EE100635965 /* ContentView.swift in Sources */ = {isa = PBXBuildFile; fileRef = 8231F1782A0C7EE100635965 /* ContentView.swift */; };
		8231F17B2A0C7EE200635965 /* Assets.xcassets in Resources */ = {isa = PBXBuildFile; fileRef = 8231F17A2A0C7EE200635965 /* Assets.xcassets */; };
		8231F17E2A0C7EE200635965 /* Preview Assets.xcassets in Resources */ = {isa = PBXBuildFile; fileRef = 8231F17D2A0C7EE200635965 /* Preview Assets.xcassets */; };
		8231F1882A0C7EE200635965 /* RethinkTakeHomeTests.swift in Sources */ = {isa = PBXBuildFile; fileRef = 8231F1872A0C7EE200635965 /* RethinkTakeHomeTests.swift */; };
		8231F1922A0C7EE200635965 /* RethinkTakeHomeUITests.swift in Sources */ = {isa = PBXBuildFile; fileRef = 8231F1912A0C7EE200635965 /* RethinkTakeHomeUITests.swift */; };
		8231F1942A0C7EE200635965 /* RethinkTakeHomeUITestsLaunchTests.swift in Sources */ = {isa = PBXBuildFile; fileRef = 8231F1932A0C7EE200635965 /* RethinkTakeHomeUITestsLaunchTests.swift */; };
		8231F1A22A0C84FD00635965 /* Users.swift in Sources */ = {isa = PBXBuildFile; fileRef = 8231F1A12A0C84FD00635965 /* Users.swift */; };
		8231F1A42A0C862900635965 /* Posts.swift in Sources */ = {isa = PBXBuildFile; fileRef = 8231F1A32A0C862900635965 /* Posts.swift */; };
		8231F1A62A0C86F000635965 /* Comments.swift in Sources */ = {isa = PBXBuildFile; fileRef = 8231F1A52A0C86F000635965 /* Comments.swift */; };
		8231F1A92A0C879100635965 /* ResourceRequest.swift in Sources */ = {isa = PBXBuildFile; fileRef = 8231F1A82A0C879100635965 /* ResourceRequest.swift */; };
		8231F1AB2A0C87E200635965 /* ResourceRequestError.swift in Sources */ = {isa = PBXBuildFile; fileRef = 8231F1AA2A0C87E200635965 /* ResourceRequestError.swift */; };
		8231F1AE2A0C9D4100635965 /* UsersHandler.swift in Sources */ = {isa = PBXBuildFile; fileRef = 8231F1AD2A0C9D4100635965 /* UsersHandler.swift */; };
		8231F1B32A0DA63500635965 /* UserView.swift in Sources */ = {isa = PBXBuildFile; fileRef = 8231F1B22A0DA63500635965 /* UserView.swift */; };
		8231F1B52A0DA65800635965 /* PostView.swift in Sources */ = {isa = PBXBuildFile; fileRef = 8231F1B42A0DA65800635965 /* PostView.swift */; };
		8231F1B72A0DA67300635965 /* CommentView.swift in Sources */ = {isa = PBXBuildFile; fileRef = 8231F1B62A0DA67300635965 /* CommentView.swift */; };
		8231F1BE2A0EBE0300635965 /* ResourceRequest.swift in Sources */ = {isa = PBXBuildFile; fileRef = 8231F1A82A0C879100635965 /* ResourceRequest.swift */; };
		8231F1BF2A0EC4A200635965 /* ResourceRequestError.swift in Sources */ = {isa = PBXBuildFile; fileRef = 8231F1AA2A0C87E200635965 /* ResourceRequestError.swift */; };
		8231F1C02A0F06AC00635965 /* UsersHandler.swift in Sources */ = {isa = PBXBuildFile; fileRef = 8231F1AD2A0C9D4100635965 /* UsersHandler.swift */; };
		8231F1C12A0F06CD00635965 /* Users.swift in Sources */ = {isa = PBXBuildFile; fileRef = 8231F1A12A0C84FD00635965 /* Users.swift */; };
		8231F1C22A0F071E00635965 /* Comments.swift in Sources */ = {isa = PBXBuildFile; fileRef = 8231F1A52A0C86F000635965 /* Comments.swift */; };
		8231F1C32A0F072200635965 /* Posts.swift in Sources */ = {isa = PBXBuildFile; fileRef = 8231F1A32A0C862900635965 /* Posts.swift */; };
		8231F1C52A12A9C800635965 /* PostsHandler.swift in Sources */ = {isa = PBXBuildFile; fileRef = 8231F1C42A12A9C800635965 /* PostsHandler.swift */; };
		8231F1C72A12A9FA00635965 /* CommentsHandler.swift in Sources */ = {isa = PBXBuildFile; fileRef = 8231F1C62A12A9FA00635965 /* CommentsHandler.swift */; };
		8231F1C92A12AA3400635965 /* ExpandableItem.swift in Sources */ = {isa = PBXBuildFile; fileRef = 8231F1C82A12AA3400635965 /* ExpandableItem.swift */; };
		8231F1CA2A12F37600635965 /* ExpandableItem.swift in Sources */ = {isa = PBXBuildFile; fileRef = 8231F1C82A12AA3400635965 /* ExpandableItem.swift */; };
		8231F1CB2A12F38300635965 /* PostsHandler.swift in Sources */ = {isa = PBXBuildFile; fileRef = 8231F1C42A12A9C800635965 /* PostsHandler.swift */; };
		8231F1CC2A12F38A00635965 /* CommentsHandler.swift in Sources */ = {isa = PBXBuildFile; fileRef = 8231F1C62A12A9FA00635965 /* CommentsHandler.swift */; };
/* End PBXBuildFile section */

/* Begin PBXContainerItemProxy section */
		8231F1842A0C7EE200635965 /* PBXContainerItemProxy */ = {
			isa = PBXContainerItemProxy;
			containerPortal = 8231F16B2A0C7EE100635965 /* Project object */;
			proxyType = 1;
			remoteGlobalIDString = 8231F1722A0C7EE100635965;
			remoteInfo = RethinkTakeHome;
		};
		8231F18E2A0C7EE200635965 /* PBXContainerItemProxy */ = {
			isa = PBXContainerItemProxy;
			containerPortal = 8231F16B2A0C7EE100635965 /* Project object */;
			proxyType = 1;
			remoteGlobalIDString = 8231F1722A0C7EE100635965;
			remoteInfo = RethinkTakeHome;
		};
/* End PBXContainerItemProxy section */

/* Begin PBXFileReference section */
		8231F1732A0C7EE100635965 /* RethinkTakeHome.app */ = {isa = PBXFileReference; explicitFileType = wrapper.application; includeInIndex = 0; path = RethinkTakeHome.app; sourceTree = BUILT_PRODUCTS_DIR; };
		8231F1762A0C7EE100635965 /* RethinkTakeHomeApp.swift */ = {isa = PBXFileReference; lastKnownFileType = sourcecode.swift; path = RethinkTakeHomeApp.swift; sourceTree = "<group>"; };
		8231F1782A0C7EE100635965 /* ContentView.swift */ = {isa = PBXFileReference; lastKnownFileType = sourcecode.swift; path = ContentView.swift; sourceTree = "<group>"; };
		8231F17A2A0C7EE200635965 /* Assets.xcassets */ = {isa = PBXFileReference; lastKnownFileType = folder.assetcatalog; path = Assets.xcassets; sourceTree = "<group>"; };
		8231F17D2A0C7EE200635965 /* Preview Assets.xcassets */ = {isa = PBXFileReference; lastKnownFileType = folder.assetcatalog; path = "Preview Assets.xcassets"; sourceTree = "<group>"; };
		8231F1832A0C7EE200635965 /* RethinkTakeHomeTests.xctest */ = {isa = PBXFileReference; explicitFileType = wrapper.cfbundle; includeInIndex = 0; path = RethinkTakeHomeTests.xctest; sourceTree = BUILT_PRODUCTS_DIR; };
		8231F1872A0C7EE200635965 /* RethinkTakeHomeTests.swift */ = {isa = PBXFileReference; lastKnownFileType = sourcecode.swift; path = RethinkTakeHomeTests.swift; sourceTree = "<group>"; };
		8231F18D2A0C7EE200635965 /* RethinkTakeHomeUITests.xctest */ = {isa = PBXFileReference; explicitFileType = wrapper.cfbundle; includeInIndex = 0; path = RethinkTakeHomeUITests.xctest; sourceTree = BUILT_PRODUCTS_DIR; };
		8231F1912A0C7EE200635965 /* RethinkTakeHomeUITests.swift */ = {isa = PBXFileReference; lastKnownFileType = sourcecode.swift; path = RethinkTakeHomeUITests.swift; sourceTree = "<group>"; };
		8231F1932A0C7EE200635965 /* RethinkTakeHomeUITestsLaunchTests.swift */ = {isa = PBXFileReference; lastKnownFileType = sourcecode.swift; path = RethinkTakeHomeUITestsLaunchTests.swift; sourceTree = "<group>"; };
		8231F1A12A0C84FD00635965 /* Users.swift */ = {isa = PBXFileReference; lastKnownFileType = sourcecode.swift; path = Users.swift; sourceTree = "<group>"; };
		8231F1A32A0C862900635965 /* Posts.swift */ = {isa = PBXFileReference; lastKnownFileType = sourcecode.swift; path = Posts.swift; sourceTree = "<group>"; };
		8231F1A52A0C86F000635965 /* Comments.swift */ = {isa = PBXFileReference; lastKnownFileType = sourcecode.swift; path = Comments.swift; sourceTree = "<group>"; };
		8231F1A82A0C879100635965 /* ResourceRequest.swift */ = {isa = PBXFileReference; lastKnownFileType = sourcecode.swift; path = ResourceRequest.swift; sourceTree = "<group>"; };
		8231F1AA2A0C87E200635965 /* ResourceRequestError.swift */ = {isa = PBXFileReference; lastKnownFileType = sourcecode.swift; path = ResourceRequestError.swift; sourceTree = "<group>"; };
		8231F1AD2A0C9D4100635965 /* UsersHandler.swift */ = {isa = PBXFileReference; lastKnownFileType = sourcecode.swift; path = UsersHandler.swift; sourceTree = "<group>"; };
		8231F1B22A0DA63500635965 /* UserView.swift */ = {isa = PBXFileReference; lastKnownFileType = sourcecode.swift; path = UserView.swift; sourceTree = "<group>"; };
		8231F1B42A0DA65800635965 /* PostView.swift */ = {isa = PBXFileReference; lastKnownFileType = sourcecode.swift; path = PostView.swift; sourceTree = "<group>"; };
		8231F1B62A0DA67300635965 /* CommentView.swift */ = {isa = PBXFileReference; lastKnownFileType = sourcecode.swift; path = CommentView.swift; sourceTree = "<group>"; };
		8231F1C42A12A9C800635965 /* PostsHandler.swift */ = {isa = PBXFileReference; lastKnownFileType = sourcecode.swift; path = PostsHandler.swift; sourceTree = "<group>"; };
		8231F1C62A12A9FA00635965 /* CommentsHandler.swift */ = {isa = PBXFileReference; lastKnownFileType = sourcecode.swift; path = CommentsHandler.swift; sourceTree = "<group>"; };
		8231F1C82A12AA3400635965 /* ExpandableItem.swift */ = {isa = PBXFileReference; lastKnownFileType = sourcecode.swift; path = ExpandableItem.swift; sourceTree = "<group>"; };
/* End PBXFileReference section */

/* Begin PBXFrameworksBuildPhase section */
		8231F1702A0C7EE100635965 /* Frameworks */ = {
			isa = PBXFrameworksBuildPhase;
			buildActionMask = 2147483647;
			files = (
			);
			runOnlyForDeploymentPostprocessing = 0;
		};
		8231F1802A0C7EE200635965 /* Frameworks */ = {
			isa = PBXFrameworksBuildPhase;
			buildActionMask = 2147483647;
			files = (
			);
			runOnlyForDeploymentPostprocessing = 0;
		};
		8231F18A2A0C7EE200635965 /* Frameworks */ = {
			isa = PBXFrameworksBuildPhase;
			buildActionMask = 2147483647;
			files = (
			);
			runOnlyForDeploymentPostprocessing = 0;
		};
/* End PBXFrameworksBuildPhase section */

/* Begin PBXGroup section */
		8231F16A2A0C7EE100635965 = {
			isa = PBXGroup;
			children = (
				8231F1752A0C7EE100635965 /* RethinkTakeHome */,
				8231F1862A0C7EE200635965 /* RethinkTakeHomeTests */,
				8231F1902A0C7EE200635965 /* RethinkTakeHomeUITests */,
				8231F1742A0C7EE100635965 /* Products */,
			);
			sourceTree = "<group>";
		};
		8231F1742A0C7EE100635965 /* Products */ = {
			isa = PBXGroup;
			children = (
				8231F1732A0C7EE100635965 /* RethinkTakeHome.app */,
				8231F1832A0C7EE200635965 /* RethinkTakeHomeTests.xctest */,
				8231F18D2A0C7EE200635965 /* RethinkTakeHomeUITests.xctest */,
			);
			name = Products;
			sourceTree = "<group>";
		};
		8231F1752A0C7EE100635965 /* RethinkTakeHome */ = {
			isa = PBXGroup;
			children = (
				8231F1B12A0DA62100635965 /* Views */,
				8231F1AC2A0C9D2800635965 /* Handlers */,
				8231F1A72A0C877A00635965 /* Networking */,
				8231F1A02A0C84EB00635965 /* Models */,
				8231F1762A0C7EE100635965 /* RethinkTakeHomeApp.swift */,
				8231F17A2A0C7EE200635965 /* Assets.xcassets */,
				8231F17C2A0C7EE200635965 /* Preview Content */,
			);
			path = RethinkTakeHome;
			sourceTree = "<group>";
		};
		8231F17C2A0C7EE200635965 /* Preview Content */ = {
			isa = PBXGroup;
			children = (
				8231F17D2A0C7EE200635965 /* Preview Assets.xcassets */,
			);
			path = "Preview Content";
			sourceTree = "<group>";
		};
		8231F1862A0C7EE200635965 /* RethinkTakeHomeTests */ = {
			isa = PBXGroup;
			children = (
				8231F1872A0C7EE200635965 /* RethinkTakeHomeTests.swift */,
			);
			path = RethinkTakeHomeTests;
			sourceTree = "<group>";
		};
		8231F1902A0C7EE200635965 /* RethinkTakeHomeUITests */ = {
			isa = PBXGroup;
			children = (
				8231F1912A0C7EE200635965 /* RethinkTakeHomeUITests.swift */,
				8231F1932A0C7EE200635965 /* RethinkTakeHomeUITestsLaunchTests.swift */,
			);
			path = RethinkTakeHomeUITests;
			sourceTree = "<group>";
		};
		8231F1A02A0C84EB00635965 /* Models */ = {
			isa = PBXGroup;
			children = (
				8231F1A12A0C84FD00635965 /* Users.swift */,
				8231F1A32A0C862900635965 /* Posts.swift */,
				8231F1A52A0C86F000635965 /* Comments.swift */,
				8231F1C82A12AA3400635965 /* ExpandableItem.swift */,
			);
			path = Models;
			sourceTree = "<group>";
		};
		8231F1A72A0C877A00635965 /* Networking */ = {
			isa = PBXGroup;
			children = (
				8231F1A82A0C879100635965 /* ResourceRequest.swift */,
				8231F1AA2A0C87E200635965 /* ResourceRequestError.swift */,
			);
			path = Networking;
			sourceTree = "<group>";
		};
		8231F1AC2A0C9D2800635965 /* Handlers */ = {
			isa = PBXGroup;
			children = (
				8231F1AD2A0C9D4100635965 /* UsersHandler.swift */,
				8231F1C42A12A9C800635965 /* PostsHandler.swift */,
				8231F1C62A12A9FA00635965 /* CommentsHandler.swift */,
			);
			path = Handlers;
			sourceTree = "<group>";
		};
		8231F1B12A0DA62100635965 /* Views */ = {
			isa = PBXGroup;
			children = (
				8231F1782A0C7EE100635965 /* ContentView.swift */,
				8231F1B22A0DA63500635965 /* UserView.swift */,
				8231F1B42A0DA65800635965 /* PostView.swift */,
				8231F1B62A0DA67300635965 /* CommentView.swift */,
			);
			path = Views;
			sourceTree = "<group>";
		};
/* End PBXGroup section */

/* Begin PBXNativeTarget section */
		8231F1722A0C7EE100635965 /* RethinkTakeHome */ = {
			isa = PBXNativeTarget;
			buildConfigurationList = 8231F1972A0C7EE200635965 /* Build configuration list for PBXNativeTarget "RethinkTakeHome" */;
			buildPhases = (
				8231F16F2A0C7EE100635965 /* Sources */,
				8231F1702A0C7EE100635965 /* Frameworks */,
				8231F1712A0C7EE100635965 /* Resources */,
			);
			buildRules = (
			);
			dependencies = (
			);
			name = RethinkTakeHome;
			productName = RethinkTakeHome;
			productReference = 8231F1732A0C7EE100635965 /* RethinkTakeHome.app */;
			productType = "com.apple.product-type.application";
		};
		8231F1822A0C7EE200635965 /* RethinkTakeHomeTests */ = {
			isa = PBXNativeTarget;
			buildConfigurationList = 8231F19A2A0C7EE200635965 /* Build configuration list for PBXNativeTarget "RethinkTakeHomeTests" */;
			buildPhases = (
				8231F17F2A0C7EE200635965 /* Sources */,
				8231F1802A0C7EE200635965 /* Frameworks */,
				8231F1812A0C7EE200635965 /* Resources */,
			);
			buildRules = (
			);
			dependencies = (
				8231F1852A0C7EE200635965 /* PBXTargetDependency */,
			);
			name = RethinkTakeHomeTests;
			productName = RethinkTakeHomeTests;
			productReference = 8231F1832A0C7EE200635965 /* RethinkTakeHomeTests.xctest */;
			productType = "com.apple.product-type.bundle.unit-test";
		};
		8231F18C2A0C7EE200635965 /* RethinkTakeHomeUITests */ = {
			isa = PBXNativeTarget;
			buildConfigurationList = 8231F19D2A0C7EE200635965 /* Build configuration list for PBXNativeTarget "RethinkTakeHomeUITests" */;
			buildPhases = (
				8231F1892A0C7EE200635965 /* Sources */,
				8231F18A2A0C7EE200635965 /* Frameworks */,
				8231F18B2A0C7EE200635965 /* Resources */,
			);
			buildRules = (
			);
			dependencies = (
				8231F18F2A0C7EE200635965 /* PBXTargetDependency */,
			);
			name = RethinkTakeHomeUITests;
			productName = RethinkTakeHomeUITests;
			productReference = 8231F18D2A0C7EE200635965 /* RethinkTakeHomeUITests.xctest */;
			productType = "com.apple.product-type.bundle.ui-testing";
		};
/* End PBXNativeTarget section */

/* Begin PBXProject section */
		8231F16B2A0C7EE100635965 /* Project object */ = {
			isa = PBXProject;
			attributes = {
				BuildIndependentTargetsInParallel = 1;
				LastSwiftUpdateCheck = 1430;
				LastUpgradeCheck = 1430;
				TargetAttributes = {
					8231F1722A0C7EE100635965 = {
						CreatedOnToolsVersion = 14.3;
					};
					8231F1822A0C7EE200635965 = {
						CreatedOnToolsVersion = 14.3;
						TestTargetID = 8231F1722A0C7EE100635965;
					};
					8231F18C2A0C7EE200635965 = {
						CreatedOnToolsVersion = 14.3;
						TestTargetID = 8231F1722A0C7EE100635965;
					};
				};
			};
			buildConfigurationList = 8231F16E2A0C7EE100635965 /* Build configuration list for PBXProject "RethinkTakeHome" */;
			compatibilityVersion = "Xcode 14.0";
			developmentRegion = en;
			hasScannedForEncodings = 0;
			knownRegions = (
				en,
				Base,
			);
			mainGroup = 8231F16A2A0C7EE100635965;
			productRefGroup = 8231F1742A0C7EE100635965 /* Products */;
			projectDirPath = "";
			projectRoot = "";
			targets = (
				8231F1722A0C7EE100635965 /* RethinkTakeHome */,
				8231F1822A0C7EE200635965 /* RethinkTakeHomeTests */,
				8231F18C2A0C7EE200635965 /* RethinkTakeHomeUITests */,
			);
		};
/* End PBXProject section */

/* Begin PBXResourcesBuildPhase section */
		8231F1712A0C7EE100635965 /* Resources */ = {
			isa = PBXResourcesBuildPhase;
			buildActionMask = 2147483647;
			files = (
				8231F17E2A0C7EE200635965 /* Preview Assets.xcassets in Resources */,
				8231F17B2A0C7EE200635965 /* Assets.xcassets in Resources */,
			);
			runOnlyForDeploymentPostprocessing = 0;
		};
		8231F1812A0C7EE200635965 /* Resources */ = {
			isa = PBXResourcesBuildPhase;
			buildActionMask = 2147483647;
			files = (
			);
			runOnlyForDeploymentPostprocessing = 0;
		};
		8231F18B2A0C7EE200635965 /* Resources */ = {
			isa = PBXResourcesBuildPhase;
			buildActionMask = 2147483647;
			files = (
			);
			runOnlyForDeploymentPostprocessing = 0;
		};
/* End PBXResourcesBuildPhase section */

/* Begin PBXSourcesBuildPhase section */
		8231F16F2A0C7EE100635965 /* Sources */ = {
			isa = PBXSourcesBuildPhase;
			buildActionMask = 2147483647;
			files = (
				8231F1792A0C7EE100635965 /* ContentView.swift in Sources */,
				8231F1A92A0C879100635965 /* ResourceRequest.swift in Sources */,
				8231F1C52A12A9C800635965 /* PostsHandler.swift in Sources */,
				8231F1A62A0C86F000635965 /* Comments.swift in Sources */,
				8231F1A22A0C84FD00635965 /* Users.swift in Sources */,
				8231F1AB2A0C87E200635965 /* ResourceRequestError.swift in Sources */,
				8231F1C92A12AA3400635965 /* ExpandableItem.swift in Sources */,
				8231F1C72A12A9FA00635965 /* CommentsHandler.swift in Sources */,
				8231F1AE2A0C9D4100635965 /* UsersHandler.swift in Sources */,
				8231F1772A0C7EE100635965 /* RethinkTakeHomeApp.swift in Sources */,
				8231F1B32A0DA63500635965 /* UserView.swift in Sources */,
				8231F1B52A0DA65800635965 /* PostView.swift in Sources */,
				8231F1B72A0DA67300635965 /* CommentView.swift in Sources */,
				8231F1A42A0C862900635965 /* Posts.swift in Sources */,
			);
			runOnlyForDeploymentPostprocessing = 0;
		};
		8231F17F2A0C7EE200635965 /* Sources */ = {
			isa = PBXSourcesBuildPhase;
			buildActionMask = 2147483647;
			files = (
				8231F1CC2A12F38A00635965 /* CommentsHandler.swift in Sources */,
				8231F1BF2A0EC4A200635965 /* ResourceRequestError.swift in Sources */,
				8231F1882A0C7EE200635965 /* RethinkTakeHomeTests.swift in Sources */,
				8231F1CA2A12F37600635965 /* ExpandableItem.swift in Sources */,
				8231F1BE2A0EBE0300635965 /* ResourceRequest.swift in Sources */,
				8231F1C22A0F071E00635965 /* Comments.swift in Sources */,
				8231F1C12A0F06CD00635965 /* Users.swift in Sources */,
				8231F1C02A0F06AC00635965 /* UsersHandler.swift in Sources */,
				8231F1CB2A12F38300635965 /* PostsHandler.swift in Sources */,
				8231F1C32A0F072200635965 /* Posts.swift in Sources */,
			);
			runOnlyForDeploymentPostprocessing = 0;
		};
		8231F1892A0C7EE200635965 /* Sources */ = {
			isa = PBXSourcesBuildPhase;
			buildActionMask = 2147483647;
			files = (
				8231F1942A0C7EE200635965 /* RethinkTakeHomeUITestsLaunchTests.swift in Sources */,
				8231F1922A0C7EE200635965 /* RethinkTakeHomeUITests.swift in Sources */,
			);
			runOnlyForDeploymentPostprocessing = 0;
		};
/* End PBXSourcesBuildPhase section */

/* Begin PBXTargetDependency section */
		8231F1852A0C7EE200635965 /* PBXTargetDependency */ = {
			isa = PBXTargetDependency;
			target = 8231F1722A0C7EE100635965 /* RethinkTakeHome */;
			targetProxy = 8231F1842A0C7EE200635965 /* PBXContainerItemProxy */;
		};
		8231F18F2A0C7EE200635965 /* PBXTargetDependency */ = {
			isa = PBXTargetDependency;
			target = 8231F1722A0C7EE100635965 /* RethinkTakeHome */;
			targetProxy = 8231F18E2A0C7EE200635965 /* PBXContainerItemProxy */;
		};
/* End PBXTargetDependency section */

/* Begin XCBuildConfiguration section */
		8231F1952A0C7EE200635965 /* Debug */ = {
			isa = XCBuildConfiguration;
			buildSettings = {
				ALWAYS_SEARCH_USER_PATHS = NO;
				CLANG_ANALYZER_NONNULL = YES;
				CLANG_ANALYZER_NUMBER_OBJECT_CONVERSION = YES_AGGRESSIVE;
				CLANG_CXX_LANGUAGE_STANDARD = "gnu++20";
				CLANG_ENABLE_MODULES = YES;
				CLANG_ENABLE_OBJC_ARC = YES;
				CLANG_ENABLE_OBJC_WEAK = YES;
				CLANG_WARN_BLOCK_CAPTURE_AUTORELEASING = YES;
				CLANG_WARN_BOOL_CONVERSION = YES;
				CLANG_WARN_COMMA = YES;
				CLANG_WARN_CONSTANT_CONVERSION = YES;
				CLANG_WARN_DEPRECATED_OBJC_IMPLEMENTATIONS = YES;
				CLANG_WARN_DIRECT_OBJC_ISA_USAGE = YES_ERROR;
				CLANG_WARN_DOCUMENTATION_COMMENTS = YES;
				CLANG_WARN_EMPTY_BODY = YES;
				CLANG_WARN_ENUM_CONVERSION = YES;
				CLANG_WARN_INFINITE_RECURSION = YES;
				CLANG_WARN_INT_CONVERSION = YES;
				CLANG_WARN_NON_LITERAL_NULL_CONVERSION = YES;
				CLANG_WARN_OBJC_IMPLICIT_RETAIN_SELF = YES;
				CLANG_WARN_OBJC_LITERAL_CONVERSION = YES;
				CLANG_WARN_OBJC_ROOT_CLASS = YES_ERROR;
				CLANG_WARN_QUOTED_INCLUDE_IN_FRAMEWORK_HEADER = YES;
				CLANG_WARN_RANGE_LOOP_ANALYSIS = YES;
				CLANG_WARN_STRICT_PROTOTYPES = YES;
				CLANG_WARN_SUSPICIOUS_MOVE = YES;
				CLANG_WARN_UNGUARDED_AVAILABILITY = YES_AGGRESSIVE;
				CLANG_WARN_UNREACHABLE_CODE = YES;
				CLANG_WARN__DUPLICATE_METHOD_MATCH = YES;
				COPY_PHASE_STRIP = NO;
				DEBUG_INFORMATION_FORMAT = dwarf;
				ENABLE_STRICT_OBJC_MSGSEND = YES;
				ENABLE_TESTABILITY = YES;
				GCC_C_LANGUAGE_STANDARD = gnu11;
				GCC_DYNAMIC_NO_PIC = NO;
				GCC_NO_COMMON_BLOCKS = YES;
				GCC_OPTIMIZATION_LEVEL = 0;
				GCC_PREPROCESSOR_DEFINITIONS = (
					"DEBUG=1",
					"$(inherited)",
				);
				GCC_WARN_64_TO_32_BIT_CONVERSION = YES;
				GCC_WARN_ABOUT_RETURN_TYPE = YES_ERROR;
				GCC_WARN_UNDECLARED_SELECTOR = YES;
				GCC_WARN_UNINITIALIZED_AUTOS = YES_AGGRESSIVE;
				GCC_WARN_UNUSED_FUNCTION = YES;
				GCC_WARN_UNUSED_VARIABLE = YES;
				IPHONEOS_DEPLOYMENT_TARGET = 16.4;
				MTL_ENABLE_DEBUG_INFO = INCLUDE_SOURCE;
				MTL_FAST_MATH = YES;
				ONLY_ACTIVE_ARCH = YES;
				SDKROOT = iphoneos;
				SWIFT_ACTIVE_COMPILATION_CONDITIONS = DEBUG;
				SWIFT_OPTIMIZATION_LEVEL = "-Onone";
			};
			name = Debug;
		};
		8231F1962A0C7EE200635965 /* Release */ = {
			isa = XCBuildConfiguration;
			buildSettings = {
				ALWAYS_SEARCH_USER_PATHS = NO;
				CLANG_ANALYZER_NONNULL = YES;
				CLANG_ANALYZER_NUMBER_OBJECT_CONVERSION = YES_AGGRESSIVE;
				CLANG_CXX_LANGUAGE_STANDARD = "gnu++20";
				CLANG_ENABLE_MODULES = YES;
				CLANG_ENABLE_OBJC_ARC = YES;
				CLANG_ENABLE_OBJC_WEAK = YES;
				CLANG_WARN_BLOCK_CAPTURE_AUTORELEASING = YES;
				CLANG_WARN_BOOL_CONVERSION = YES;
				CLANG_WARN_COMMA = YES;
				CLANG_WARN_CONSTANT_CONVERSION = YES;
				CLANG_WARN_DEPRECATED_OBJC_IMPLEMENTATIONS = YES;
				CLANG_WARN_DIRECT_OBJC_ISA_USAGE = YES_ERROR;
				CLANG_WARN_DOCUMENTATION_COMMENTS = YES;
				CLANG_WARN_EMPTY_BODY = YES;
				CLANG_WARN_ENUM_CONVERSION = YES;
				CLANG_WARN_INFINITE_RECURSION = YES;
				CLANG_WARN_INT_CONVERSION = YES;
				CLANG_WARN_NON_LITERAL_NULL_CONVERSION = YES;
				CLANG_WARN_OBJC_IMPLICIT_RETAIN_SELF = YES;
				CLANG_WARN_OBJC_LITERAL_CONVERSION = YES;
				CLANG_WARN_OBJC_ROOT_CLASS = YES_ERROR;
				CLANG_WARN_QUOTED_INCLUDE_IN_FRAMEWORK_HEADER = YES;
				CLANG_WARN_RANGE_LOOP_ANALYSIS = YES;
				CLANG_WARN_STRICT_PROTOTYPES = YES;
				CLANG_WARN_SUSPICIOUS_MOVE = YES;
				CLANG_WARN_UNGUARDED_AVAILABILITY = YES_AGGRESSIVE;
				CLANG_WARN_UNREACHABLE_CODE = YES;
				CLANG_WARN__DUPLICATE_METHOD_MATCH = YES;
				COPY_PHASE_STRIP = NO;
				DEBUG_INFORMATION_FORMAT = "dwarf-with-dsym";
				ENABLE_NS_ASSERTIONS = NO;
				ENABLE_STRICT_OBJC_MSGSEND = YES;
				GCC_C_LANGUAGE_STANDARD = gnu11;
				GCC_NO_COMMON_BLOCKS = YES;
				GCC_WARN_64_TO_32_BIT_CONVERSION = YES;
				GCC_WARN_ABOUT_RETURN_TYPE = YES_ERROR;
				GCC_WARN_UNDECLARED_SELECTOR = YES;
				GCC_WARN_UNINITIALIZED_AUTOS = YES_AGGRESSIVE;
				GCC_WARN_UNUSED_FUNCTION = YES;
				GCC_WARN_UNUSED_VARIABLE = YES;
				IPHONEOS_DEPLOYMENT_TARGET = 16.4;
				MTL_ENABLE_DEBUG_INFO = NO;
				MTL_FAST_MATH = YES;
				SDKROOT = iphoneos;
				SWIFT_COMPILATION_MODE = wholemodule;
				SWIFT_OPTIMIZATION_LEVEL = "-O";
				VALIDATE_PRODUCT = YES;
			};
			name = Release;
		};
		8231F1982A0C7EE200635965 /* Debug */ = {
			isa = XCBuildConfiguration;
			buildSettings = {
				ASSETCATALOG_COMPILER_APPICON_NAME = AppIcon;
				ASSETCATALOG_COMPILER_GLOBAL_ACCENT_COLOR_NAME = AccentColor;
				CODE_SIGN_STYLE = Automatic;
				CURRENT_PROJECT_VERSION = 1;
				DEVELOPMENT_ASSET_PATHS = "\"RethinkTakeHome/Preview Content\"";
				DEVELOPMENT_TEAM = TR2MLK3WQ4;
				ENABLE_PREVIEWS = YES;
				GENERATE_INFOPLIST_FILE = YES;
				INFOPLIST_KEY_UIApplicationSceneManifest_Generation = YES;
				INFOPLIST_KEY_UIApplicationSupportsIndirectInputEvents = YES;
				INFOPLIST_KEY_UILaunchScreen_Generation = YES;
				INFOPLIST_KEY_UISupportedInterfaceOrientations_iPad = "UIInterfaceOrientationPortrait UIInterfaceOrientationPortraitUpsideDown UIInterfaceOrientationLandscapeLeft UIInterfaceOrientationLandscapeRight";
				INFOPLIST_KEY_UISupportedInterfaceOrientations_iPhone = "UIInterfaceOrientationPortrait UIInterfaceOrientationLandscapeLeft UIInterfaceOrientationLandscapeRight";
				LD_RUNPATH_SEARCH_PATHS = (
					"$(inherited)",
					"@executable_path/Frameworks",
				);
				MARKETING_VERSION = 1.0;
				PRODUCT_BUNDLE_IDENTIFIER = com.taylor.creations.RethinkTakeHome;
				PRODUCT_NAME = "$(TARGET_NAME)";
				SWIFT_EMIT_LOC_STRINGS = YES;
				SWIFT_VERSION = 5.0;
				TARGETED_DEVICE_FAMILY = "1,2";
			};
			name = Debug;
		};
		8231F1992A0C7EE200635965 /* Release */ = {
			isa = XCBuildConfiguration;
			buildSettings = {
				ASSETCATALOG_COMPILER_APPICON_NAME = AppIcon;
				ASSETCATALOG_COMPILER_GLOBAL_ACCENT_COLOR_NAME = AccentColor;
				CODE_SIGN_STYLE = Automatic;
				CURRENT_PROJECT_VERSION = 1;
				DEVELOPMENT_ASSET_PATHS = "\"RethinkTakeHome/Preview Content\"";
				DEVELOPMENT_TEAM = TR2MLK3WQ4;
				ENABLE_PREVIEWS = YES;
				GENERATE_INFOPLIST_FILE = YES;
				INFOPLIST_KEY_UIApplicationSceneManifest_Generation = YES;
				INFOPLIST_KEY_UIApplicationSupportsIndirectInputEvents = YES;
				INFOPLIST_KEY_UILaunchScreen_Generation = YES;
				INFOPLIST_KEY_UISupportedInterfaceOrientations_iPad = "UIInterfaceOrientationPortrait UIInterfaceOrientationPortraitUpsideDown UIInterfaceOrientationLandscapeLeft UIInterfaceOrientationLandscapeRight";
				INFOPLIST_KEY_UISupportedInterfaceOrientations_iPhone = "UIInterfaceOrientationPortrait UIInterfaceOrientationLandscapeLeft UIInterfaceOrientationLandscapeRight";
				LD_RUNPATH_SEARCH_PATHS = (
					"$(inherited)",
					"@executable_path/Frameworks",
				);
				MARKETING_VERSION = 1.0;
				PRODUCT_BUNDLE_IDENTIFIER = com.taylor.creations.RethinkTakeHome;
				PRODUCT_NAME = "$(TARGET_NAME)";
				SWIFT_EMIT_LOC_STRINGS = YES;
				SWIFT_VERSION = 5.0;
				TARGETED_DEVICE_FAMILY = "1,2";
			};
			name = Release;
		};
		8231F19B2A0C7EE200635965 /* Debug */ = {
			isa = XCBuildConfiguration;
			buildSettings = {
				ALWAYS_EMBED_SWIFT_STANDARD_LIBRARIES = YES;
				BUNDLE_LOADER = "$(TEST_HOST)";
				CODE_SIGN_STYLE = Automatic;
				CURRENT_PROJECT_VERSION = 1;
				DEVELOPMENT_TEAM = TR2MLK3WQ4;
				GENERATE_INFOPLIST_FILE = YES;
				IPHONEOS_DEPLOYMENT_TARGET = 16.4;
				MARKETING_VERSION = 1.0;
				PRODUCT_BUNDLE_IDENTIFIER = com.taylor.creations.RethinkTakeHomeTests;
				PRODUCT_NAME = "$(TARGET_NAME)";
				SWIFT_EMIT_LOC_STRINGS = NO;
				SWIFT_VERSION = 5.0;
				TARGETED_DEVICE_FAMILY = "1,2";
				TEST_HOST = "$(BUILT_PRODUCTS_DIR)/RethinkTakeHome.app/$(BUNDLE_EXECUTABLE_FOLDER_PATH)/RethinkTakeHome";
			};
			name = Debug;
		};
		8231F19C2A0C7EE200635965 /* Release */ = {
			isa = XCBuildConfiguration;
			buildSettings = {
				ALWAYS_EMBED_SWIFT_STANDARD_LIBRARIES = YES;
				BUNDLE_LOADER = "$(TEST_HOST)";
				CODE_SIGN_STYLE = Automatic;
				CURRENT_PROJECT_VERSION = 1;
				DEVELOPMENT_TEAM = TR2MLK3WQ4;
				GENERATE_INFOPLIST_FILE = YES;
				IPHONEOS_DEPLOYMENT_TARGET = 16.4;
				MARKETING_VERSION = 1.0;
				PRODUCT_BUNDLE_IDENTIFIER = com.taylor.creations.RethinkTakeHomeTests;
				PRODUCT_NAME = "$(TARGET_NAME)";
				SWIFT_EMIT_LOC_STRINGS = NO;
				SWIFT_VERSION = 5.0;
				TARGETED_DEVICE_FAMILY = "1,2";
				TEST_HOST = "$(BUILT_PRODUCTS_DIR)/RethinkTakeHome.app/$(BUNDLE_EXECUTABLE_FOLDER_PATH)/RethinkTakeHome";
			};
			name = Release;
		};
		8231F19E2A0C7EE200635965 /* Debug */ = {
			isa = XCBuildConfiguration;
			buildSettings = {
				ALWAYS_EMBED_SWIFT_STANDARD_LIBRARIES = YES;
				CODE_SIGN_STYLE = Automatic;
				CURRENT_PROJECT_VERSION = 1;
				DEVELOPMENT_TEAM = TR2MLK3WQ4;
				GENERATE_INFOPLIST_FILE = YES;
				MARKETING_VERSION = 1.0;
				PRODUCT_BUNDLE_IDENTIFIER = com.taylor.creations.RethinkTakeHomeUITests;
				PRODUCT_NAME = "$(TARGET_NAME)";
				SWIFT_EMIT_LOC_STRINGS = NO;
				SWIFT_VERSION = 5.0;
				TARGETED_DEVICE_FAMILY = "1,2";
				TEST_TARGET_NAME = RethinkTakeHome;
			};
			name = Debug;
		};
		8231F19F2A0C7EE200635965 /* Release */ = {
			isa = XCBuildConfiguration;
			buildSettings = {
				ALWAYS_EMBED_SWIFT_STANDARD_LIBRARIES = YES;
				CODE_SIGN_STYLE = Automatic;
				CURRENT_PROJECT_VERSION = 1;
				DEVELOPMENT_TEAM = TR2MLK3WQ4;
				GENERATE_INFOPLIST_FILE = YES;
				MARKETING_VERSION = 1.0;
				PRODUCT_BUNDLE_IDENTIFIER = com.taylor.creations.RethinkTakeHomeUITests;
				PRODUCT_NAME = "$(TARGET_NAME)";
				SWIFT_EMIT_LOC_STRINGS = NO;
				SWIFT_VERSION = 5.0;
				TARGETED_DEVICE_FAMILY = "1,2";
				TEST_TARGET_NAME = RethinkTakeHome;
			};
			name = Release;
		};
/* End XCBuildConfiguration section */

/* Begin XCConfigurationList section */
		8231F16E2A0C7EE100635965 /* Build configuration list for PBXProject "RethinkTakeHome" */ = {
			isa = XCConfigurationList;
			buildConfigurations = (
				8231F1952A0C7EE200635965 /* Debug */,
				8231F1962A0C7EE200635965 /* Release */,
			);
			defaultConfigurationIsVisible = 0;
			defaultConfigurationName = Release;
		};
		8231F1972A0C7EE200635965 /* Build configuration list for PBXNativeTarget "RethinkTakeHome" */ = {
			isa = XCConfigurationList;
			buildConfigurations = (
				8231F1982A0C7EE200635965 /* Debug */,
				8231F1992A0C7EE200635965 /* Release */,
			);
			defaultConfigurationIsVisible = 0;
			defaultConfigurationName = Release;
		};
		8231F19A2A0C7EE200635965 /* Build configuration list for PBXNativeTarget "RethinkTakeHomeTests" */ = {
			isa = XCConfigurationList;
			buildConfigurations = (
				8231F19B2A0C7EE200635965 /* Debug */,
				8231F19C2A0C7EE200635965 /* Release */,
			);
			defaultConfigurationIsVisible = 0;
			defaultConfigurationName = Release;
		};
		8231F19D2A0C7EE200635965 /* Build configuration list for PBXNativeTarget "RethinkTakeHomeUITests" */ = {
			isa = XCConfigurationList;
			buildConfigurations = (
				8231F19E2A0C7EE200635965 /* Debug */,
				8231F19F2A0C7EE200635965 /* Release */,
			);
			defaultConfigurationIsVisible = 0;
			defaultConfigurationName = Release;
		};
/* End XCConfigurationList section */
	};
	rootObject = 8231F16B2A0C7EE100635965 /* Project object */;
}
